
Microsoft Visual Studio Solution File, Format Version 12.00
# Visual Studio Version 17
VisualStudioVersion = 17.14.36301.6
MinimumVisualStudioVersion = 10.0.40219.1
Project("{FAE04EC0-301F-11D3-BF4B-00C04F79EFBC}") = "Hospital_Managment", "Hospital_Managment\Hospital_Managment.csproj", "{3FB62DEC-A16D-4031-9405-BFC05D9E5F00}"
EndProject
Global
	GlobalSection(SolutionConfigurationPlatforms) = preSolution
		Debug|Any CPU = Debug|Any CPU
		Release|Any CPU = Release|Any CPU
	EndGlobalSection
	GlobalSection(ProjectConfigurationPlatforms) = postSolution
		{3FB62DEC-A16D-4031-9405-BFC05D9E5F00}.Debug|Any CPU.ActiveCfg = Debug|Any CPU
		{3FB62DEC-A16D-4031-9405-BFC05D9E5F00}.Debug|Any CPU.Build.0 = Debug|Any CPU
		{3FB62DEC-A16D-4031-9405-BFC05D9E5F00}.Release|Any CPU.ActiveCfg = Release|Any CPU
		{3FB62DEC-A16D-4031-9405-BFC05D9E5F00}.Release|Any CPU.Build.0 = Release|Any CPU
	EndGlobalSection
	GlobalSection(SolutionProperties) = preSolution
		HideSolutionNode = FALSE
	EndGlobalSection
	GlobalSection(ExtensibilityGlobals) = postSolution
		SolutionGuid = {2EB1A0CA-A836-4B34-84AF-6DA61D6411A1}
	EndGlobalSection
EndGlobal
